// !$*UTF8*$!
{
	archiveVersion = 1;
	classes = {
	};
	objectVersion = 56;
	objects = {

/* Begin PBXBuildFile section */
		EA86DD112AF02456008CA06F /* AppDelegate.swift in Sources */ = {isa = PBXBuildFile; fileRef = EA86DD102AF02456008CA06F /* AppDelegate.swift */; };
		EA86DD132AF02456008CA06F /* SceneDelegate.swift in Sources */ = {isa = PBXBuildFile; fileRef = EA86DD122AF02456008CA06F /* SceneDelegate.swift */; };
		EA86DD152AF02456008CA06F /* ViewController.swift in Sources */ = {isa = PBXBuildFile; fileRef = EA86DD142AF02456008CA06F /* ViewController.swift */; };
		EA86DD182AF02456008CA06F /* Main.storyboard in Resources */ = {isa = PBXBuildFile; fileRef = EA86DD162AF02456008CA06F /* Main.storyboard */; };
		EA86DD1A2AF02458008CA06F /* Assets.xcassets in Resources */ = {isa = PBXBuildFile; fileRef = EA86DD192AF02458008CA06F /* Assets.xcassets */; };
		EA86DD1D2AF02458008CA06F /* LaunchScreen.storyboard in Resources */ = {isa = PBXBuildFile; fileRef = EA86DD1B2AF02458008CA06F /* LaunchScreen.storyboard */; };
		EA86DD282AF02458008CA06F /* gitTestTests.swift in Sources */ = {isa = PBXBuildFile; fileRef = EA86DD272AF02458008CA06F /* gitTestTests.swift */; };
		EA86DD322AF02458008CA06F /* gitTestUITests.swift in Sources */ = {isa = PBXBuildFile; fileRef = EA86DD312AF02458008CA06F /* gitTestUITests.swift */; };
		EA86DD342AF02458008CA06F /* gitTestUITestsLaunchTests.swift in Sources */ = {isa = PBXBuildFile; fileRef = EA86DD332AF02458008CA06F /* gitTestUITestsLaunchTests.swift */; };
		EA86DD412AF02A50008CA06F /* User.swift in Sources */ = {isa = PBXBuildFile; fileRef = EA86DD402AF02A50008CA06F /* User.swift */; };
/* End PBXBuildFile section */

/* Begin PBXContainerItemProxy section */
		EA86DD242AF02458008CA06F /* PBXContainerItemProxy */ = {
			isa = PBXContainerItemProxy;
			containerPortal = EA86DD052AF02456008CA06F /* Project object */;
			proxyType = 1;
			remoteGlobalIDString = EA86DD0C2AF02456008CA06F;
			remoteInfo = gitTest;
		};
		EA86DD2E2AF02458008CA06F /* PBXContainerItemProxy */ = {
			isa = PBXContainerItemProxy;
			containerPortal = EA86DD052AF02456008CA06F /* Project object */;
			proxyType = 1;
			remoteGlobalIDString = EA86DD0C2AF02456008CA06F;
			remoteInfo = gitTest;
		};
/* End PBXContainerItemProxy section */

/* Begin PBXFileReference section */
		EA86DD0D2AF02456008CA06F /* gitTest.app */ = {isa = PBXFileReference; explicitFileType = wrapper.application; includeInIndex = 0; path = gitTest.app; sourceTree = BUILT_PRODUCTS_DIR; };
		EA86DD102AF02456008CA06F /* AppDelegate.swift */ = {isa = PBXFileReference; lastKnownFileType = sourcecode.swift; path = AppDelegate.swift; sourceTree = "<group>"; };
		EA86DD122AF02456008CA06F /* SceneDelegate.swift */ = {isa = PBXFileReference; lastKnownFileType = sourcecode.swift; path = SceneDelegate.swift; sourceTree = "<group>"; };
		EA86DD142AF02456008CA06F /* ViewController.swift */ = {isa = PBXFileReference; lastKnownFileType = sourcecode.swift; path = ViewController.swift; sourceTree = "<group>"; };
		EA86DD172AF02456008CA06F /* Base */ = {isa = PBXFileReference; lastKnownFileType = file.storyboard; name = Base; path = Base.lproj/Main.storyboard; sourceTree = "<group>"; };
		EA86DD192AF02458008CA06F /* Assets.xcassets */ = {isa = PBXFileReference; lastKnownFileType = folder.assetcatalog; path = Assets.xcassets; sourceTree = "<group>"; };
		EA86DD1C2AF02458008CA06F /* Base */ = {isa = PBXFileReference; lastKnownFileType = file.storyboard; name = Base; path = Base.lproj/LaunchScreen.storyboard; sourceTree = "<group>"; };
		EA86DD1E2AF02458008CA06F /* Info.plist */ = {isa = PBXFileReference; lastKnownFileType = text.plist.xml; path = Info.plist; sourceTree = "<group>"; };
		EA86DD232AF02458008CA06F /* gitTestTests.xctest */ = {isa = PBXFileReference; explicitFileType = wrapper.cfbundle; includeInIndex = 0; path = gitTestTests.xctest; sourceTree = BUILT_PRODUCTS_DIR; };
		EA86DD272AF02458008CA06F /* gitTestTests.swift */ = {isa = PBXFileReference; lastKnownFileType = sourcecode.swift; path = gitTestTests.swift; sourceTree = "<group>"; };
		EA86DD2D2AF02458008CA06F /* gitTestUITests.xctest */ = {isa = PBXFileReference; explicitFileType = wrapper.cfbundle; includeInIndex = 0; path = gitTestUITests.xctest; sourceTree = BUILT_PRODUCTS_DIR; };
		EA86DD312AF02458008CA06F /* gitTestUITests.swift */ = {isa = PBXFileReference; lastKnownFileType = sourcecode.swift; path = gitTestUITests.swift; sourceTree = "<group>"; };
		EA86DD332AF02458008CA06F /* gitTestUITestsLaunchTests.swift */ = {isa = PBXFileReference; lastKnownFileType = sourcecode.swift; path = gitTestUITestsLaunchTests.swift; sourceTree = "<group>"; };
		EA86DD402AF02A50008CA06F /* User.swift */ = {isa = PBXFileReference; lastKnownFileType = sourcecode.swift; path = User.swift; sourceTree = "<group>"; };
/* End PBXFileReference section */

/* Begin PBXFrameworksBuildPhase section */
		EA86DD0A2AF02456008CA06F /* Frameworks */ = {
			isa = PBXFrameworksBuildPhase;
			buildActionMask = 2147483647;
			files = (
			);
			runOnlyForDeploymentPostprocessing = 0;
		};
		EA86DD202AF02458008CA06F /* Frameworks */ = {
			isa = PBXFrameworksBuildPhase;
			buildActionMask = 2147483647;
			files = (
			);
			runOnlyForDeploymentPostprocessing = 0;
		};
		EA86DD2A2AF02458008CA06F /* Frameworks */ = {
			isa = PBXFrameworksBuildPhase;
			buildActionMask = 2147483647;
			files = (
			);
			runOnlyForDeploymentPostprocessing = 0;
		};
/* End PBXFrameworksBuildPhase section */

/* Begin PBXGroup section */
		EA86DD042AF02456008CA06F = {
			isa = PBXGroup;
			children = (
				EA86DD0F2AF02456008CA06F /* gitTest */,
				EA86DD262AF02458008CA06F /* gitTestTests */,
				EA86DD302AF02458008CA06F /* gitTestUITests */,
				EA86DD0E2AF02456008CA06F /* Products */,
			);
			sourceTree = "<group>";
		};
		EA86DD0E2AF02456008CA06F /* Products */ = {
			isa = PBXGroup;
			children = (
				EA86DD0D2AF02456008CA06F /* gitTest.app */,
				EA86DD232AF02458008CA06F /* gitTestTests.xctest */,
				EA86DD2D2AF02458008CA06F /* gitTestUITests.xctest */,
			);
			name = Products;
			sourceTree = "<group>";
		};
		EA86DD0F2AF02456008CA06F /* gitTest */ = {
			isa = PBXGroup;
			children = (
				EA86DD102AF02456008CA06F /* AppDelegate.swift */,
				EA86DD122AF02456008CA06F /* SceneDelegate.swift */,
				EA86DD142AF02456008CA06F /* ViewController.swift */,
				EA86DD402AF02A50008CA06F /* User.swift */,
				EA86DD162AF02456008CA06F /* Main.storyboard */,
				EA86DD192AF02458008CA06F /* Assets.xcassets */,
				EA86DD1B2AF02458008CA06F /* LaunchScreen.storyboard */,
				EA86DD1E2AF02458008CA06F /* Info.plist */,
			);
			path = gitTest;
			sourceTree = "<group>";
		};
		EA86DD262AF02458008CA06F /* gitTestTests */ = {
			isa = PBXGroup;
			children = (
				EA86DD272AF02458008CA06F /* gitTestTests.swift */,
			);
			path = gitTestTests;
			sourceTree = "<group>";
		};
		EA86DD302AF02458008CA06F /* gitTestUITests */ = {
			isa = PBXGroup;
			children = (
				EA86DD312AF02458008CA06F /* gitTestUITests.swift */,
				EA86DD332AF02458008CA06F /* gitTestUITestsLaunchTests.swift */,
			);
			path = gitTestUITests;
			sourceTree = "<group>";
		};
/* End PBXGroup section */

/* Begin PBXNativeTarget section */
		EA86DD0C2AF02456008CA06F /* gitTest */ = {
			isa = PBXNativeTarget;
			buildConfigurationList = EA86DD372AF02458008CA06F /* Build configuration list for PBXNativeTarget "gitTest" */;
			buildPhases = (
				EA86DD092AF02456008CA06F /* Sources */,
				EA86DD0A2AF02456008CA06F /* Frameworks */,
				EA86DD0B2AF02456008CA06F /* Resources */,
			);
			buildRules = (
			);
			dependencies = (
			);
			name = gitTest;
			productName = gitTest;
			productReference = EA86DD0D2AF02456008CA06F /* gitTest.app */;
			productType = "com.apple.product-type.application";
		};
		EA86DD222AF02458008CA06F /* gitTestTests */ = {
			isa = PBXNativeTarget;
			buildConfigurationList = EA86DD3A2AF02458008CA06F /* Build configuration list for PBXNativeTarget "gitTestTests" */;
			buildPhases = (
				EA86DD1F2AF02458008CA06F /* Sources */,
				EA86DD202AF02458008CA06F /* Frameworks */,
				EA86DD212AF02458008CA06F /* Resources */,
			);
			buildRules = (
			);
			dependencies = (
				EA86DD252AF02458008CA06F /* PBXTargetDependency */,
			);
			name = gitTestTests;
			productName = gitTestTests;
			productReference = EA86DD232AF02458008CA06F /* gitTestTests.xctest */;
			productType = "com.apple.product-type.bundle.unit-test";
		};
		EA86DD2C2AF02458008CA06F /* gitTestUITests */ = {
			isa = PBXNativeTarget;
			buildConfigurationList = EA86DD3D2AF02458008CA06F /* Build configuration list for PBXNativeTarget "gitTestUITests" */;
			buildPhases = (
				EA86DD292AF02458008CA06F /* Sources */,
				EA86DD2A2AF02458008CA06F /* Frameworks */,
				EA86DD2B2AF02458008CA06F /* Resources */,
			);
			buildRules = (
			);
			dependencies = (
				EA86DD2F2AF02458008CA06F /* PBXTargetDependency */,
			);
			name = gitTestUITests;
			productName = gitTestUITests;
			productReference = EA86DD2D2AF02458008CA06F /* gitTestUITests.xctest */;
			productType = "com.apple.product-type.bundle.ui-testing";
		};
/* End PBXNativeTarget section */

/* Begin PBXProject section */
		EA86DD052AF02456008CA06F /* Project object */ = {
			isa = PBXProject;
			attributes = {
				BuildIndependentTargetsInParallel = 1;
				LastSwiftUpdateCheck = 1500;
				LastUpgradeCheck = 1500;
				TargetAttributes = {
					EA86DD0C2AF02456008CA06F = {
						CreatedOnToolsVersion = 15.0.1;
					};
					EA86DD222AF02458008CA06F = {
						CreatedOnToolsVersion = 15.0.1;
						TestTargetID = EA86DD0C2AF02456008CA06F;
					};
					EA86DD2C2AF02458008CA06F = {
						CreatedOnToolsVersion = 15.0.1;
						TestTargetID = EA86DD0C2AF02456008CA06F;
					};
				};
			};
			buildConfigurationList = EA86DD082AF02456008CA06F /* Build configuration list for PBXProject "gitTest" */;
			compatibilityVersion = "Xcode 14.0";
			developmentRegion = en;
			hasScannedForEncodings = 0;
			knownRegions = (
				en,
				Base,
			);
			mainGroup = EA86DD042AF02456008CA06F;
			productRefGroup = EA86DD0E2AF02456008CA06F /* Products */;
			projectDirPath = "";
			projectRoot = "";
			targets = (
				EA86DD0C2AF02456008CA06F /* gitTest */,
				EA86DD222AF02458008CA06F /* gitTestTests */,
				EA86DD2C2AF02458008CA06F /* gitTestUITests */,
			);
		};
/* End PBXProject section */

/* Begin PBXResourcesBuildPhase section */
		EA86DD0B2AF02456008CA06F /* Resources */ = {
			isa = PBXResourcesBuildPhase;
			buildActionMask = 2147483647;
			files = (
				EA86DD1D2AF02458008CA06F /* LaunchScreen.storyboard in Resources */,
				EA86DD1A2AF02458008CA06F /* Assets.xcassets in Resources */,
				EA86DD182AF02456008CA06F /* Main.storyboard in Resources */,
			);
			runOnlyForDeploymentPostprocessing = 0;
		};
		EA86DD212AF02458008CA06F /* Resources */ = {
			isa = PBXResourcesBuildPhase;
			buildActionMask = 2147483647;
			files = (
			);
			runOnlyForDeploymentPostprocessing = 0;
		};
		EA86DD2B2AF02458008CA06F /* Resources */ = {
			isa = PBXResourcesBuildPhase;
			buildActionMask = 2147483647;
			files = (
			);
			runOnlyForDeploymentPostprocessing = 0;
		};
/* End PBXResourcesBuildPhase section */

/* Begin PBXSourcesBuildPhase section */
		EA86DD092AF02456008CA06F /* Sources */ = {
			isa = PBXSourcesBuildPhase;
			buildActionMask = 2147483647;
			files = (
				EA86DD412AF02A50008CA06F /* User.swift in Sources */,
				EA86DD152AF02456008CA06F /* ViewController.swift in Sources */,
				EA86DD112AF02456008CA06F /* AppDelegate.swift in Sources */,
				EA86DD132AF02456008CA06F /* SceneDelegate.swift in Sources */,
			);
			runOnlyForDeploymentPostprocessing = 0;
		};
		EA86DD1F2AF02458008CA06F /* Sources */ = {
			isa = PBXSourcesBuildPhase;
			buildActionMask = 2147483647;
			files = (
				EA86DD282AF02458008CA06F /* gitTestTests.swift in Sources */,
			);
			runOnlyForDeploymentPostprocessing = 0;
		};
		EA86DD292AF02458008CA06F /* Sources */ = {
			isa = PBXSourcesBuildPhase;
			buildActionMask = 2147483647;
			files = (
				EA86DD322AF02458008CA06F /* gitTestUITests.swift in Sources */,
				EA86DD342AF02458008CA06F /* gitTestUITestsLaunchTests.swift in Sources */,
			);
			runOnlyForDeploymentPostprocessing = 0;
		};
/* End PBXSourcesBuildPhase section */

/* Begin PBXTargetDependency section */
		EA86DD252AF02458008CA06F /* PBXTargetDependency */ = {
			isa = PBXTargetDependency;
			target = EA86DD0C2AF02456008CA06F /* gitTest */;
			targetProxy = EA86DD242AF02458008CA06F /* PBXContainerItemProxy */;
		};
		EA86DD2F2AF02458008CA06F /* PBXTargetDependency */ = {
			isa = PBXTargetDependency;
			target = EA86DD0C2AF02456008CA06F /* gitTest */;
			targetProxy = EA86DD2E2AF02458008CA06F /* PBXContainerItemProxy */;
		};
/* End PBXTargetDependency section */

/* Begin PBXVariantGroup section */
		EA86DD162AF02456008CA06F /* Main.storyboard */ = {
			isa = PBXVariantGroup;
			children = (
				EA86DD172AF02456008CA06F /* Base */,
			);
			name = Main.storyboard;
			sourceTree = "<group>";
		};
		EA86DD1B2AF02458008CA06F /* LaunchScreen.storyboard */ = {
			isa = PBXVariantGroup;
			children = (
				EA86DD1C2AF02458008CA06F /* Base */,
			);
			name = LaunchScreen.storyboard;
			sourceTree = "<group>";
		};
/* End PBXVariantGroup section */

/* Begin XCBuildConfiguration section */
		EA86DD352AF02458008CA06F /* Debug */ = {
			isa = XCBuildConfiguration;
			buildSettings = {
				ALWAYS_SEARCH_USER_PATHS = NO;
				ASSETCATALOG_COMPILER_GENERATE_SWIFT_ASSET_SYMBOL_EXTENSIONS = YES;
				CLANG_ANALYZER_NONNULL = YES;
				CLANG_ANALYZER_NUMBER_OBJECT_CONVERSION = YES_AGGRESSIVE;
				CLANG_CXX_LANGUAGE_STANDARD = "gnu++20";
				CLANG_ENABLE_MODULES = YES;
				CLANG_ENABLE_OBJC_ARC = YES;
				CLANG_ENABLE_OBJC_WEAK = YES;
				CLANG_WARN_BLOCK_CAPTURE_AUTORELEASING = YES;
				CLANG_WARN_BOOL_CONVERSION = YES;
				CLANG_WARN_COMMA = YES;
				CLANG_WARN_CONSTANT_CONVERSION = YES;
				CLANG_WARN_DEPRECATED_OBJC_IMPLEMENTATIONS = YES;
				CLANG_WARN_DIRECT_OBJC_ISA_USAGE = YES_ERROR;
				CLANG_WARN_DOCUMENTATION_COMMENTS = YES;
				CLANG_WARN_EMPTY_BODY = YES;
				CLANG_WARN_ENUM_CONVERSION = YES;
				CLANG_WARN_INFINITE_RECURSION = YES;
				CLANG_WARN_INT_CONVERSION = YES;
				CLANG_WARN_NON_LITERAL_NULL_CONVERSION = YES;
				CLANG_WARN_OBJC_IMPLICIT_RETAIN_SELF = YES;
				CLANG_WARN_OBJC_LITERAL_CONVERSION = YES;
				CLANG_WARN_OBJC_ROOT_CLASS = YES_ERROR;
				CLANG_WARN_QUOTED_INCLUDE_IN_FRAMEWORK_HEADER = YES;
				CLANG_WARN_RANGE_LOOP_ANALYSIS = YES;
				CLANG_WARN_STRICT_PROTOTYPES = YES;
				CLANG_WARN_SUSPICIOUS_MOVE = YES;
				CLANG_WARN_UNGUARDED_AVAILABILITY = YES_AGGRESSIVE;
				CLANG_WARN_UNREACHABLE_CODE = YES;
				CLANG_WARN__DUPLICATE_METHOD_MATCH = YES;
				COPY_PHASE_STRIP = NO;
				DEBUG_INFORMATION_FORMAT = dwarf;
				ENABLE_STRICT_OBJC_MSGSEND = YES;
				ENABLE_TESTABILITY = YES;
				ENABLE_USER_SCRIPT_SANDBOXING = YES;
				GCC_C_LANGUAGE_STANDARD = gnu17;
				GCC_DYNAMIC_NO_PIC = NO;
				GCC_NO_COMMON_BLOCKS = YES;
				GCC_OPTIMIZATION_LEVEL = 0;
				GCC_PREPROCESSOR_DEFINITIONS = (
					"DEBUG=1",
					"$(inherited)",
				);
				GCC_WARN_64_TO_32_BIT_CONVERSION = YES;
				GCC_WARN_ABOUT_RETURN_TYPE = YES_ERROR;
				GCC_WARN_UNDECLARED_SELECTOR = YES;
				GCC_WARN_UNINITIALIZED_AUTOS = YES_AGGRESSIVE;
				GCC_WARN_UNUSED_FUNCTION = YES;
				GCC_WARN_UNUSED_VARIABLE = YES;
				IPHONEOS_DEPLOYMENT_TARGET = 17.0;
				LOCALIZATION_PREFERS_STRING_CATALOGS = YES;
				MTL_ENABLE_DEBUG_INFO = INCLUDE_SOURCE;
				MTL_FAST_MATH = YES;
				ONLY_ACTIVE_ARCH = YES;
				SDKROOT = iphoneos;
				SWIFT_ACTIVE_COMPILATION_CONDITIONS = "DEBUG $(inherited)";
				SWIFT_OPTIMIZATION_LEVEL = "-Onone";
			};
			name = Debug;
		};
		EA86DD362AF02458008CA06F /* Release */ = {
			isa = XCBuildConfiguration;
			buildSettings = {
				ALWAYS_SEARCH_USER_PATHS = NO;
				ASSETCATALOG_COMPILER_GENERATE_SWIFT_ASSET_SYMBOL_EXTENSIONS = YES;
				CLANG_ANALYZER_NONNULL = YES;
				CLANG_ANALYZER_NUMBER_OBJECT_CONVERSION = YES_AGGRESSIVE;
				CLANG_CXX_LANGUAGE_STANDARD = "gnu++20";
				CLANG_ENABLE_MODULES = YES;
				CLANG_ENABLE_OBJC_ARC = YES;
				CLANG_ENABLE_OBJC_WEAK = YES;
				CLANG_WARN_BLOCK_CAPTURE_AUTORELEASING = YES;
				CLANG_WARN_BOOL_CONVERSION = YES;
				CLANG_WARN_COMMA = YES;
				CLANG_WARN_CONSTANT_CONVERSION = YES;
				CLANG_WARN_DEPRECATED_OBJC_IMPLEMENTATIONS = YES;
				CLANG_WARN_DIRECT_OBJC_ISA_USAGE = YES_ERROR;
				CLANG_WARN_DOCUMENTATION_COMMENTS = YES;
				CLANG_WARN_EMPTY_BODY = YES;
				CLANG_WARN_ENUM_CONVERSION = YES;
				CLANG_WARN_INFINITE_RECURSION = YES;
				CLANG_WARN_INT_CONVERSION = YES;
				CLANG_WARN_NON_LITERAL_NULL_CONVERSION = YES;
				CLANG_WARN_OBJC_IMPLICIT_RETAIN_SELF = YES;
				CLANG_WARN_OBJC_LITERAL_CONVERSION = YES;
				CLANG_WARN_OBJC_ROOT_CLASS = YES_ERROR;
				CLANG_WARN_QUOTED_INCLUDE_IN_FRAMEWORK_HEADER = YES;
				CLANG_WARN_RANGE_LOOP_ANALYSIS = YES;
				CLANG_WARN_STRICT_PROTOTYPES = YES;
				CLANG_WARN_SUSPICIOUS_MOVE = YES;
				CLANG_WARN_UNGUARDED_AVAILABILITY = YES_AGGRESSIVE;
				CLANG_WARN_UNREACHABLE_CODE = YES;
				CLANG_WARN__DUPLICATE_METHOD_MATCH = YES;
				COPY_PHASE_STRIP = NO;
				DEBUG_INFORMATION_FORMAT = "dwarf-with-dsym";
				ENABLE_NS_ASSERTIONS = NO;
				ENABLE_STRICT_OBJC_MSGSEND = YES;
				ENABLE_USER_SCRIPT_SANDBOXING = YES;
				GCC_C_LANGUAGE_STANDARD = gnu17;
				GCC_NO_COMMON_BLOCKS = YES;
				GCC_WARN_64_TO_32_BIT_CONVERSION = YES;
				GCC_WARN_ABOUT_RETURN_TYPE = YES_ERROR;
				GCC_WARN_UNDECLARED_SELECTOR = YES;
				GCC_WARN_UNINITIALIZED_AUTOS = YES_AGGRESSIVE;
				GCC_WARN_UNUSED_FUNCTION = YES;
				GCC_WARN_UNUSED_VARIABLE = YES;
				IPHONEOS_DEPLOYMENT_TARGET = 17.0;
				LOCALIZATION_PREFERS_STRING_CATALOGS = YES;
				MTL_ENABLE_DEBUG_INFO = NO;
				MTL_FAST_MATH = YES;
				SDKROOT = iphoneos;
				SWIFT_COMPILATION_MODE = wholemodule;
				VALIDATE_PRODUCT = YES;
			};
			name = Release;
		};
		EA86DD382AF02458008CA06F /* Debug */ = {
			isa = XCBuildConfiguration;
			buildSettings = {
				ASSETCATALOG_COMPILER_APPICON_NAME = AppIcon;
				ASSETCATALOG_COMPILER_GLOBAL_ACCENT_COLOR_NAME = AccentColor;
				CODE_SIGN_STYLE = Automatic;
				CURRENT_PROJECT_VERSION = 1;
				DEVELOPMENT_TEAM = ZT74UNCYRH;
				GENERATE_INFOPLIST_FILE = YES;
				INFOPLIST_FILE = gitTest/Info.plist;
				INFOPLIST_KEY_UIApplicationSupportsIndirectInputEvents = YES;
				INFOPLIST_KEY_UILaunchStoryboardName = LaunchScreen;
				INFOPLIST_KEY_UIMainStoryboardFile = Main;
				INFOPLIST_KEY_UISupportedInterfaceOrientations_iPad = "UIInterfaceOrientationPortrait UIInterfaceOrientationPortraitUpsideDown UIInterfaceOrientationLandscapeLeft UIInterfaceOrientationLandscapeRight";
				INFOPLIST_KEY_UISupportedInterfaceOrientations_iPhone = "UIInterfaceOrientationPortrait UIInterfaceOrientationLandscapeLeft UIInterfaceOrientationLandscapeRight";
				LD_RUNPATH_SEARCH_PATHS = (
					"$(inherited)",
					"@executable_path/Frameworks",
				);
				MARKETING_VERSION = 1.0;
				PRODUCT_BUNDLE_IDENTIFIER = vibelab.com.gitTest;
				PRODUCT_NAME = "$(TARGET_NAME)";
				SWIFT_EMIT_LOC_STRINGS = YES;
				SWIFT_VERSION = 5.0;
				TARGETED_DEVICE_FAMILY = "1,2";
			};
			name = Debug;
		};
		EA86DD392AF02458008CA06F /* Release */ = {
			isa = XCBuildConfiguration;
			buildSettings = {
				ASSETCATALOG_COMPILER_APPICON_NAME = AppIcon;
				ASSETCATALOG_COMPILER_GLOBAL_ACCENT_COLOR_NAME = AccentColor;
				CODE_SIGN_STYLE = Automatic;
				CURRENT_PROJECT_VERSION = 1;
				DEVELOPMENT_TEAM = ZT74UNCYRH;
				GENERATE_INFOPLIST_FILE = YES;
				INFOPLIST_FILE = gitTest/Info.plist;
				INFOPLIST_KEY_UIApplicationSupportsIndirectInputEvents = YES;
				INFOPLIST_KEY_UILaunchStoryboardName = LaunchScreen;
				INFOPLIST_KEY_UIMainStoryboardFile = Main;
				INFOPLIST_KEY_UISupportedInterfaceOrientations_iPad = "UIInterfaceOrientationPortrait UIInterfaceOrientationPortraitUpsideDown UIInterfaceOrientationLandscapeLeft UIInterfaceOrientationLandscapeRight";
				INFOPLIST_KEY_UISupportedInterfaceOrientations_iPhone = "UIInterfaceOrientationPortrait UIInterfaceOrientationLandscapeLeft UIInterfaceOrientationLandscapeRight";
				LD_RUNPATH_SEARCH_PATHS = (
					"$(inherited)",
					"@executable_path/Frameworks",
				);
				MARKETING_VERSION = 1.0;
				PRODUCT_BUNDLE_IDENTIFIER = vibelab.com.gitTest;
				PRODUCT_NAME = "$(TARGET_NAME)";
				SWIFT_EMIT_LOC_STRINGS = YES;
				SWIFT_VERSION = 5.0;
				TARGETED_DEVICE_FAMILY = "1,2";
			};
			name = Release;
		};
		EA86DD3B2AF02458008CA06F /* Debug */ = {
			isa = XCBuildConfiguration;
			buildSettings = {
				ALWAYS_EMBED_SWIFT_STANDARD_LIBRARIES = YES;
				BUNDLE_LOADER = "$(TEST_HOST)";
				CODE_SIGN_STYLE = Automatic;
				CURRENT_PROJECT_VERSION = 1;
				DEVELOPMENT_TEAM = ZT74UNCYRH;
				GENERATE_INFOPLIST_FILE = YES;
				IPHONEOS_DEPLOYMENT_TARGET = 17.0;
				MARKETING_VERSION = 1.0;
				PRODUCT_BUNDLE_IDENTIFIER = vibelab.com.gitTestTests;
				PRODUCT_NAME = "$(TARGET_NAME)";
				SWIFT_EMIT_LOC_STRINGS = NO;
				SWIFT_VERSION = 5.0;
				TARGETED_DEVICE_FAMILY = "1,2";
				TEST_HOST = "$(BUILT_PRODUCTS_DIR)/gitTest.app/$(BUNDLE_EXECUTABLE_FOLDER_PATH)/gitTest";
			};
			name = Debug;
		};
		EA86DD3C2AF02458008CA06F /* Release */ = {
			isa = XCBuildConfiguration;
			buildSettings = {
				ALWAYS_EMBED_SWIFT_STANDARD_LIBRARIES = YES;
				BUNDLE_LOADER = "$(TEST_HOST)";
				CODE_SIGN_STYLE = Automatic;
				CURRENT_PROJECT_VERSION = 1;
				DEVELOPMENT_TEAM = ZT74UNCYRH;
				GENERATE_INFOPLIST_FILE = YES;
				IPHONEOS_DEPLOYMENT_TARGET = 17.0;
				MARKETING_VERSION = 1.0;
				PRODUCT_BUNDLE_IDENTIFIER = vibelab.com.gitTestTests;
				PRODUCT_NAME = "$(TARGET_NAME)";
				SWIFT_EMIT_LOC_STRINGS = NO;
				SWIFT_VERSION = 5.0;
				TARGETED_DEVICE_FAMILY = "1,2";
				TEST_HOST = "$(BUILT_PRODUCTS_DIR)/gitTest.app/$(BUNDLE_EXECUTABLE_FOLDER_PATH)/gitTest";
			};
			name = Release;
		};
		EA86DD3E2AF02458008CA06F /* Debug */ = {
			isa = XCBuildConfiguration;
			buildSettings = {
				ALWAYS_EMBED_SWIFT_STANDARD_LIBRARIES = YES;
				CODE_SIGN_STYLE = Automatic;
				CURRENT_PROJECT_VERSION = 1;
				DEVELOPMENT_TEAM = ZT74UNCYRH;
				GENERATE_INFOPLIST_FILE = YES;
				MARKETING_VERSION = 1.0;
				PRODUCT_BUNDLE_IDENTIFIER = vibelab.com.gitTestUITests;
				PRODUCT_NAME = "$(TARGET_NAME)";
				SWIFT_EMIT_LOC_STRINGS = NO;
				SWIFT_VERSION = 5.0;
				TARGETED_DEVICE_FAMILY = "1,2";
				TEST_TARGET_NAME = gitTest;
			};
			name = Debug;
		};
		EA86DD3F2AF02458008CA06F /* Release */ = {
			isa = XCBuildConfiguration;
			buildSettings = {
				ALWAYS_EMBED_SWIFT_STANDARD_LIBRARIES = YES;
				CODE_SIGN_STYLE = Automatic;
				CURRENT_PROJECT_VERSION = 1;
				DEVELOPMENT_TEAM = ZT74UNCYRH;
				GENERATE_INFOPLIST_FILE = YES;
				MARKETING_VERSION = 1.0;
				PRODUCT_BUNDLE_IDENTIFIER = vibelab.com.gitTestUITests;
				PRODUCT_NAME = "$(TARGET_NAME)";
				SWIFT_EMIT_LOC_STRINGS = NO;
				SWIFT_VERSION = 5.0;
				TARGETED_DEVICE_FAMILY = "1,2";
				TEST_TARGET_NAME = gitTest;
			};
			name = Release;
		};
/* End XCBuildConfiguration section */

/* Begin XCConfigurationList section */
		EA86DD082AF02456008CA06F /* Build configuration list for PBXProject "gitTest" */ = {
			isa = XCConfigurationList;
			buildConfigurations = (
				EA86DD352AF02458008CA06F /* Debug */,
				EA86DD362AF02458008CA06F /* Release */,
			);
			defaultConfigurationIsVisible = 0;
			defaultConfigurationName = Release;
		};
		EA86DD372AF02458008CA06F /* Build configuration list for PBXNativeTarget "gitTest" */ = {
			isa = XCConfigurationList;
			buildConfigurations = (
				EA86DD382AF02458008CA06F /* Debug */,
				EA86DD392AF02458008CA06F /* Release */,
			);
			defaultConfigurationIsVisible = 0;
			defaultConfigurationName = Release;
		};
		EA86DD3A2AF02458008CA06F /* Build configuration list for PBXNativeTarget "gitTestTests" */ = {
			isa = XCConfigurationList;
			buildConfigurations = (
				EA86DD3B2AF02458008CA06F /* Debug */,
				EA86DD3C2AF02458008CA06F /* Release */,
			);
			defaultConfigurationIsVisible = 0;
			defaultConfigurationName = Release;
		};
		EA86DD3D2AF02458008CA06F /* Build configuration list for PBXNativeTarget "gitTestUITests" */ = {
			isa = XCConfigurationList;
			buildConfigurations = (
				EA86DD3E2AF02458008CA06F /* Debug */,
				EA86DD3F2AF02458008CA06F /* Release */,
			);
			defaultConfigurationIsVisible = 0;
			defaultConfigurationName = Release;
		};
/* End XCConfigurationList section */
	};
	rootObject = EA86DD052AF02456008CA06F /* Project object */;
}
